// !$*UTF8*$!
{
	archiveVersion = 1;
	classes = {
	};
	objectVersion = 46;
	objects = {

/* Begin PBXBuildFile section */
		3D0BC9B71A6018A500B4FBD1 /* VariationWord.swift in Sources */ = {isa = PBXBuildFile; fileRef = 3D0BC9B61A6018A500B4FBD1 /* VariationWord.swift */; };
		3D52B6F01A7BAF1500037A90 /* ServerModel.swift in Sources */ = {isa = PBXBuildFile; fileRef = 3D52B6EF1A7BAF1500037A90 /* ServerModel.swift */; };
		3D52B6F21A7BD04000037A90 /* InfoTableViewCell.swift in Sources */ = {isa = PBXBuildFile; fileRef = 3D52B6F11A7BD04000037A90 /* InfoTableViewCell.swift */; };
		3DC62ECA1A5EDE7C0054418D /* MarkovSettingsViewController.swift in Sources */ = {isa = PBXBuildFile; fileRef = 3DC62EC91A5EDE7C0054418D /* MarkovSettingsViewController.swift */; };
		3DD3B87D1A5D636800523E95 /* CloudKit.framework in Frameworks */ = {isa = PBXBuildFile; fileRef = 3DD3B87C1A5D636800523E95 /* CloudKit.framework */; };
		43110AE71A52DAA1000E211D /* TestCollectionViewController.swift in Sources */ = {isa = PBXBuildFile; fileRef = 43110AE61A52DAA1000E211D /* TestCollectionViewController.swift */; };
		43110AE91A52DD46000E211D /* MarkovCollectionViewCell.swift in Sources */ = {isa = PBXBuildFile; fileRef = 43110AE81A52DD46000E211D /* MarkovCollectionViewCell.swift */; };
		432DC89C1A4DCABB004035F5 /* AppDelegate.swift in Sources */ = {isa = PBXBuildFile; fileRef = 432DC89B1A4DCABB004035F5 /* AppDelegate.swift */; };
		432DC8A01A4DCABB004035F5 /* MotifsViewController.swift in Sources */ = {isa = PBXBuildFile; fileRef = 432DC89F1A4DCABB004035F5 /* MotifsViewController.swift */; };
		432DC8A31A4DCABB004035F5 /* Main.storyboard in Resources */ = {isa = PBXBuildFile; fileRef = 432DC8A11A4DCABB004035F5 /* Main.storyboard */; };
		432DC8A51A4DCABB004035F5 /* Images.xcassets in Resources */ = {isa = PBXBuildFile; fileRef = 432DC8A41A4DCABB004035F5 /* Images.xcassets */; };
		432DC8A81A4DCABB004035F5 /* LaunchScreen.xib in Resources */ = {isa = PBXBuildFile; fileRef = 432DC8A61A4DCABB004035F5 /* LaunchScreen.xib */; };
		432DC8B41A4DCABB004035F5 /* Project_MarkovTests.swift in Sources */ = {isa = PBXBuildFile; fileRef = 432DC8B31A4DCABB004035F5 /* Project_MarkovTests.swift */; };
		432DC8BE1A4DCE92004035F5 /* DataModel.swift in Sources */ = {isa = PBXBuildFile; fileRef = 432DC8BD1A4DCE92004035F5 /* DataModel.swift */; };
		432DC8C41A4DD02F004035F5 /* Theme.swift in Sources */ = {isa = PBXBuildFile; fileRef = 432DC8C31A4DD02F004035F5 /* Theme.swift */; };
		432DC8C61A4DD07D004035F5 /* Motif.swift in Sources */ = {isa = PBXBuildFile; fileRef = 432DC8C51A4DD07D004035F5 /* Motif.swift */; };
		432DC8C81A4DE1F7004035F5 /* ThemeTableViewCell.swift in Sources */ = {isa = PBXBuildFile; fileRef = 432DC8C71A4DE1F7004035F5 /* ThemeTableViewCell.swift */; };
		432DC8CA1A4DEF72004035F5 /* ThemeDetailTableViewController.swift in Sources */ = {isa = PBXBuildFile; fileRef = 432DC8C91A4DEF72004035F5 /* ThemeDetailTableViewController.swift */; };
		433BB3841A54182E007A896F /* Variation.swift in Sources */ = {isa = PBXBuildFile; fileRef = 433BB3831A54182E007A896F /* Variation.swift */; };
		433BB3861A541965007A896F /* VariationsTableViewController.swift in Sources */ = {isa = PBXBuildFile; fileRef = 433BB3851A541965007A896F /* VariationsTableViewController.swift */; };
		433BB3881A541AB5007A896F /* VariationsTableViewCell.swift in Sources */ = {isa = PBXBuildFile; fileRef = 433BB3871A541AB5007A896F /* VariationsTableViewCell.swift */; };
		433BB38A1A54455A007A896F /* ThemesViewController.swift in Sources */ = {isa = PBXBuildFile; fileRef = 433BB3891A54455A007A896F /* ThemesViewController.swift */; };
		4348B9A31A570F890024746D /* TutorialPageControl.swift in Sources */ = {isa = PBXBuildFile; fileRef = 4348B9A21A570F890024746D /* TutorialPageControl.swift */; };
		4348B9A51A570FBF0024746D /* TutorialPageViewController.swift in Sources */ = {isa = PBXBuildFile; fileRef = 4348B9A41A570FBF0024746D /* TutorialPageViewController.swift */; };
		435698A81A4F030000A30547 /* MotifTableViewCell.swift in Sources */ = {isa = PBXBuildFile; fileRef = 435698A71A4F030000A30547 /* MotifTableViewCell.swift */; };
		43AC46651A507B5700628D9A /* MarkovGenerator.swift in Sources */ = {isa = PBXBuildFile; fileRef = 43AC46641A507B5700628D9A /* MarkovGenerator.swift */; };
		43AC46671A507C8500628D9A /* MarkovViewController.swift in Sources */ = {isa = PBXBuildFile; fileRef = 43AC46661A507C8500628D9A /* MarkovViewController.swift */; };
		43CECC8B1A4F24880007B2BE /* MotifDetailTableViewController.swift in Sources */ = {isa = PBXBuildFile; fileRef = 43CECC8A1A4F24880007B2BE /* MotifDetailTableViewController.swift */; };
		43CECC8E1A4F5B4A0007B2BE /* MotifsTableViewController.swift in Sources */ = {isa = PBXBuildFile; fileRef = 43CECC8D1A4F5B4A0007B2BE /* MotifsTableViewController.swift */; };
		43E307B61A6C3BF5001B46C9 /* SentenceLengthViewController.swift in Sources */ = {isa = PBXBuildFile; fileRef = 43E307B51A6C3BF5001B46C9 /* SentenceLengthViewController.swift */; };
		43F131921A56F3210047B03A /* SettingsViewController.swift in Sources */ = {isa = PBXBuildFile; fileRef = 43F131911A56F3210047B03A /* SettingsViewController.swift */; };
		43F131951A56F4850047B03A /* MinMaxSentenceLengthTableViewCell.swift in Sources */ = {isa = PBXBuildFile; fileRef = 43F131941A56F4850047B03A /* MinMaxSentenceLengthTableViewCell.swift */; };
/* End PBXBuildFile section */

/* Begin PBXContainerItemProxy section */
		432DC8AE1A4DCABB004035F5 /* PBXContainerItemProxy */ = {
			isa = PBXContainerItemProxy;
			containerPortal = 432DC88E1A4DCABB004035F5 /* Project object */;
			proxyType = 1;
			remoteGlobalIDString = 432DC8951A4DCABB004035F5;
			remoteInfo = "Project Markov";
		};
/* End PBXContainerItemProxy section */

/* Begin PBXFileReference section */
		3D0BC9B61A6018A500B4FBD1 /* VariationWord.swift */ = {isa = PBXFileReference; fileEncoding = 4; lastKnownFileType = sourcecode.swift; path = VariationWord.swift; sourceTree = "<group>"; };
		3D52B6EF1A7BAF1500037A90 /* ServerModel.swift */ = {isa = PBXFileReference; fileEncoding = 4; lastKnownFileType = sourcecode.swift; path = ServerModel.swift; sourceTree = "<group>"; };
		3D52B6F11A7BD04000037A90 /* InfoTableViewCell.swift */ = {isa = PBXFileReference; fileEncoding = 4; lastKnownFileType = sourcecode.swift; path = InfoTableViewCell.swift; sourceTree = "<group>"; };
		3DC62EC91A5EDE7C0054418D /* MarkovSettingsViewController.swift */ = {isa = PBXFileReference; fileEncoding = 4; lastKnownFileType = sourcecode.swift; path = MarkovSettingsViewController.swift; sourceTree = "<group>"; };
		3DD3B87B1A5D635E00523E95 /* Project Markov.entitlements */ = {isa = PBXFileReference; lastKnownFileType = text.xml; path = "Project Markov.entitlements"; sourceTree = "<group>"; };
		3DD3B87C1A5D636800523E95 /* CloudKit.framework */ = {isa = PBXFileReference; lastKnownFileType = wrapper.framework; name = CloudKit.framework; path = System/Library/Frameworks/CloudKit.framework; sourceTree = SDKROOT; };
		43110AE61A52DAA1000E211D /* TestCollectionViewController.swift */ = {isa = PBXFileReference; fileEncoding = 4; lastKnownFileType = sourcecode.swift; path = TestCollectionViewController.swift; sourceTree = "<group>"; };
		43110AE81A52DD46000E211D /* MarkovCollectionViewCell.swift */ = {isa = PBXFileReference; fileEncoding = 4; lastKnownFileType = sourcecode.swift; path = MarkovCollectionViewCell.swift; sourceTree = "<group>"; };
		432DC8961A4DCABB004035F5 /* Project Markov.app */ = {isa = PBXFileReference; explicitFileType = wrapper.application; includeInIndex = 0; path = "Project Markov.app"; sourceTree = BUILT_PRODUCTS_DIR; };
		432DC89A1A4DCABB004035F5 /* Info.plist */ = {isa = PBXFileReference; lastKnownFileType = text.plist.xml; path = Info.plist; sourceTree = "<group>"; };
		432DC89B1A4DCABB004035F5 /* AppDelegate.swift */ = {isa = PBXFileReference; lastKnownFileType = sourcecode.swift; path = AppDelegate.swift; sourceTree = "<group>"; };
		432DC89F1A4DCABB004035F5 /* MotifsViewController.swift */ = {isa = PBXFileReference; lastKnownFileType = sourcecode.swift; path = MotifsViewController.swift; sourceTree = "<group>"; };
		432DC8A21A4DCABB004035F5 /* Base */ = {isa = PBXFileReference; lastKnownFileType = file.storyboard; name = Base; path = Base.lproj/Main.storyboard; sourceTree = "<group>"; };
		432DC8A41A4DCABB004035F5 /* Images.xcassets */ = {isa = PBXFileReference; lastKnownFileType = folder.assetcatalog; path = Images.xcassets; sourceTree = "<group>"; };
		432DC8A71A4DCABB004035F5 /* Base */ = {isa = PBXFileReference; lastKnownFileType = file.xib; name = Base; path = Base.lproj/LaunchScreen.xib; sourceTree = "<group>"; };
		432DC8AD1A4DCABB004035F5 /* Project MarkovTests.xctest */ = {isa = PBXFileReference; explicitFileType = wrapper.cfbundle; includeInIndex = 0; path = "Project MarkovTests.xctest"; sourceTree = BUILT_PRODUCTS_DIR; };
		432DC8B21A4DCABB004035F5 /* Info.plist */ = {isa = PBXFileReference; lastKnownFileType = text.plist.xml; path = Info.plist; sourceTree = "<group>"; };
		432DC8B31A4DCABB004035F5 /* Project_MarkovTests.swift */ = {isa = PBXFileReference; lastKnownFileType = sourcecode.swift; path = Project_MarkovTests.swift; sourceTree = "<group>"; };
		432DC8BD1A4DCE92004035F5 /* DataModel.swift */ = {isa = PBXFileReference; fileEncoding = 4; lastKnownFileType = sourcecode.swift; path = DataModel.swift; sourceTree = "<group>"; };
		432DC8C31A4DD02F004035F5 /* Theme.swift */ = {isa = PBXFileReference; fileEncoding = 4; lastKnownFileType = sourcecode.swift; path = Theme.swift; sourceTree = "<group>"; };
		432DC8C51A4DD07D004035F5 /* Motif.swift */ = {isa = PBXFileReference; fileEncoding = 4; lastKnownFileType = sourcecode.swift; path = Motif.swift; sourceTree = "<group>"; };
		432DC8C71A4DE1F7004035F5 /* ThemeTableViewCell.swift */ = {isa = PBXFileReference; fileEncoding = 4; lastKnownFileType = sourcecode.swift; path = ThemeTableViewCell.swift; sourceTree = "<group>"; };
		432DC8C91A4DEF72004035F5 /* ThemeDetailTableViewController.swift */ = {isa = PBXFileReference; fileEncoding = 4; lastKnownFileType = sourcecode.swift; path = ThemeDetailTableViewController.swift; sourceTree = "<group>"; };
		433BB3831A54182E007A896F /* Variation.swift */ = {isa = PBXFileReference; fileEncoding = 4; lastKnownFileType = sourcecode.swift; path = Variation.swift; sourceTree = "<group>"; };
		433BB3851A541965007A896F /* VariationsTableViewController.swift */ = {isa = PBXFileReference; fileEncoding = 4; lastKnownFileType = sourcecode.swift; path = VariationsTableViewController.swift; sourceTree = "<group>"; };
		433BB3871A541AB5007A896F /* VariationsTableViewCell.swift */ = {isa = PBXFileReference; fileEncoding = 4; lastKnownFileType = sourcecode.swift; path = VariationsTableViewCell.swift; sourceTree = "<group>"; };
		433BB3891A54455A007A896F /* ThemesViewController.swift */ = {isa = PBXFileReference; fileEncoding = 4; lastKnownFileType = sourcecode.swift; path = ThemesViewController.swift; sourceTree = "<group>"; };
		4348B9A21A570F890024746D /* TutorialPageControl.swift */ = {isa = PBXFileReference; fileEncoding = 4; lastKnownFileType = sourcecode.swift; path = TutorialPageControl.swift; sourceTree = "<group>"; };
		4348B9A41A570FBF0024746D /* TutorialPageViewController.swift */ = {isa = PBXFileReference; fileEncoding = 4; lastKnownFileType = sourcecode.swift; path = TutorialPageViewController.swift; sourceTree = "<group>"; };
		435698A71A4F030000A30547 /* MotifTableViewCell.swift */ = {isa = PBXFileReference; fileEncoding = 4; lastKnownFileType = sourcecode.swift; path = MotifTableViewCell.swift; sourceTree = "<group>"; };
		43AC46641A507B5700628D9A /* MarkovGenerator.swift */ = {isa = PBXFileReference; fileEncoding = 4; lastKnownFileType = sourcecode.swift; path = MarkovGenerator.swift; sourceTree = "<group>"; };
		43AC46661A507C8500628D9A /* MarkovViewController.swift */ = {isa = PBXFileReference; fileEncoding = 4; lastKnownFileType = sourcecode.swift; path = MarkovViewController.swift; sourceTree = "<group>"; };
		43CECC8A1A4F24880007B2BE /* MotifDetailTableViewController.swift */ = {isa = PBXFileReference; fileEncoding = 4; lastKnownFileType = sourcecode.swift; path = MotifDetailTableViewController.swift; sourceTree = "<group>"; };
		43CECC8D1A4F5B4A0007B2BE /* MotifsTableViewController.swift */ = {isa = PBXFileReference; fileEncoding = 4; lastKnownFileType = sourcecode.swift; path = MotifsTableViewController.swift; sourceTree = "<group>"; };
		43E307B51A6C3BF5001B46C9 /* SentenceLengthViewController.swift */ = {isa = PBXFileReference; fileEncoding = 4; lastKnownFileType = sourcecode.swift; path = SentenceLengthViewController.swift; sourceTree = "<group>"; };
		43F131911A56F3210047B03A /* SettingsViewController.swift */ = {isa = PBXFileReference; fileEncoding = 4; lastKnownFileType = sourcecode.swift; path = SettingsViewController.swift; sourceTree = "<group>"; };
		43F131941A56F4850047B03A /* MinMaxSentenceLengthTableViewCell.swift */ = {isa = PBXFileReference; fileEncoding = 4; lastKnownFileType = sourcecode.swift; path = MinMaxSentenceLengthTableViewCell.swift; sourceTree = "<group>"; };
/* End PBXFileReference section */

/* Begin PBXFrameworksBuildPhase section */
		432DC8931A4DCABB004035F5 /* Frameworks */ = {
			isa = PBXFrameworksBuildPhase;
			buildActionMask = 2147483647;
			files = (
				3DD3B87D1A5D636800523E95 /* CloudKit.framework in Frameworks */,
			);
			runOnlyForDeploymentPostprocessing = 0;
		};
		432DC8AA1A4DCABB004035F5 /* Frameworks */ = {
			isa = PBXFrameworksBuildPhase;
			buildActionMask = 2147483647;
			files = (
			);
			runOnlyForDeploymentPostprocessing = 0;
		};
/* End PBXFrameworksBuildPhase section */

/* Begin PBXGroup section */
		432DC88D1A4DCABB004035F5 = {
			isa = PBXGroup;
			children = (
				3DD3B87C1A5D636800523E95 /* CloudKit.framework */,
				432DC8981A4DCABB004035F5 /* Project Markov */,
				432DC8B01A4DCABB004035F5 /* Project MarkovTests */,
				432DC8971A4DCABB004035F5 /* Products */,
			);
			sourceTree = "<group>";
		};
		432DC8971A4DCABB004035F5 /* Products */ = {
			isa = PBXGroup;
			children = (
				432DC8961A4DCABB004035F5 /* Project Markov.app */,
				432DC8AD1A4DCABB004035F5 /* Project MarkovTests.xctest */,
			);
			name = Products;
			sourceTree = "<group>";
		};
		432DC8981A4DCABB004035F5 /* Project Markov */ = {
			isa = PBXGroup;
			children = (
				3DD3B87B1A5D635E00523E95 /* Project Markov.entitlements */,
				432DC89B1A4DCABB004035F5 /* AppDelegate.swift */,
				43AC46621A506AD400628D9A /* Models */,
				43AC46631A50777100628D9A /* Themes */,
				43CECC8C1A4F5B1C0007B2BE /* Motifs */,
				43AC46681A507C8E00628D9A /* Markov */,
				43F131931A56F3490047B03A /* Settings */,
				432DC8A11A4DCABB004035F5 /* Main.storyboard */,
				432DC8A41A4DCABB004035F5 /* Images.xcassets */,
				432DC8A61A4DCABB004035F5 /* LaunchScreen.xib */,
				432DC8991A4DCABB004035F5 /* Supporting Files */,
			);
			path = "Project Markov";
			sourceTree = "<group>";
		};
		432DC8991A4DCABB004035F5 /* Supporting Files */ = {
			isa = PBXGroup;
			children = (
				432DC89A1A4DCABB004035F5 /* Info.plist */,
			);
			name = "Supporting Files";
			sourceTree = "<group>";
		};
		432DC8B01A4DCABB004035F5 /* Project MarkovTests */ = {
			isa = PBXGroup;
			children = (
				432DC8B31A4DCABB004035F5 /* Project_MarkovTests.swift */,
				432DC8B11A4DCABB004035F5 /* Supporting Files */,
			);
			path = "Project MarkovTests";
			sourceTree = "<group>";
		};
		432DC8B11A4DCABB004035F5 /* Supporting Files */ = {
			isa = PBXGroup;
			children = (
				432DC8B21A4DCABB004035F5 /* Info.plist */,
			);
			name = "Supporting Files";
			sourceTree = "<group>";
		};
		43AC46621A506AD400628D9A /* Models */ = {
			isa = PBXGroup;
			children = (
				432DC8BD1A4DCE92004035F5 /* DataModel.swift */,
				3D52B6EF1A7BAF1500037A90 /* ServerModel.swift */,
				432DC8C31A4DD02F004035F5 /* Theme.swift */,
				432DC8C51A4DD07D004035F5 /* Motif.swift */,
				433BB3831A54182E007A896F /* Variation.swift */,
				43AC46641A507B5700628D9A /* MarkovGenerator.swift */,
				3D0BC9B61A6018A500B4FBD1 /* VariationWord.swift */,
			);
			name = Models;
			sourceTree = "<group>";
		};
		43AC46631A50777100628D9A /* Themes */ = {
			isa = PBXGroup;
			children = (
				433BB3891A54455A007A896F /* ThemesViewController.swift */,
				432DC8C71A4DE1F7004035F5 /* ThemeTableViewCell.swift */,
				432DC8C91A4DEF72004035F5 /* ThemeDetailTableViewController.swift */,
			);
			name = Themes;
			sourceTree = "<group>";
		};
		43AC46681A507C8E00628D9A /* Markov */ = {
			isa = PBXGroup;
			children = (
				43AC46661A507C8500628D9A /* MarkovViewController.swift */,
				3DC62EC91A5EDE7C0054418D /* MarkovSettingsViewController.swift */,
				43110AE81A52DD46000E211D /* MarkovCollectionViewCell.swift */,
				43110AE61A52DAA1000E211D /* TestCollectionViewController.swift */,
			);
			name = Markov;
			sourceTree = "<group>";
		};
		43CECC8C1A4F5B1C0007B2BE /* Motifs */ = {
			isa = PBXGroup;
			children = (
				432DC89F1A4DCABB004035F5 /* MotifsViewController.swift */,
				43CECC8D1A4F5B4A0007B2BE /* MotifsTableViewController.swift */,
				435698A71A4F030000A30547 /* MotifTableViewCell.swift */,
				43CECC8A1A4F24880007B2BE /* MotifDetailTableViewController.swift */,
				433BB3851A541965007A896F /* VariationsTableViewController.swift */,
				433BB3871A541AB5007A896F /* VariationsTableViewCell.swift */,
			);
			name = Motifs;
			sourceTree = "<group>";
		};
		43F131931A56F3490047B03A /* Settings */ = {
			isa = PBXGroup;
			children = (
				43F131911A56F3210047B03A /* SettingsViewController.swift */,
				43F131941A56F4850047B03A /* MinMaxSentenceLengthTableViewCell.swift */,
				3D52B6F11A7BD04000037A90 /* InfoTableViewCell.swift */,
				4348B9A21A570F890024746D /* TutorialPageControl.swift */,
				4348B9A41A570FBF0024746D /* TutorialPageViewController.swift */,
				43E307B51A6C3BF5001B46C9 /* SentenceLengthViewController.swift */,
			);
			name = Settings;
			sourceTree = "<group>";
		};
/* End PBXGroup section */

/* Begin PBXNativeTarget section */
		432DC8951A4DCABB004035F5 /* Project Markov */ = {
			isa = PBXNativeTarget;
			buildConfigurationList = 432DC8B71A4DCABB004035F5 /* Build configuration list for PBXNativeTarget "Project Markov" */;
			buildPhases = (
				432DC8921A4DCABB004035F5 /* Sources */,
				432DC8931A4DCABB004035F5 /* Frameworks */,
				432DC8941A4DCABB004035F5 /* Resources */,
			);
			buildRules = (
			);
			dependencies = (
			);
			name = "Project Markov";
			productName = "Project Markov";
			productReference = 432DC8961A4DCABB004035F5 /* Project Markov.app */;
			productType = "com.apple.product-type.application";
		};
		432DC8AC1A4DCABB004035F5 /* Project MarkovTests */ = {
			isa = PBXNativeTarget;
			buildConfigurationList = 432DC8BA1A4DCABB004035F5 /* Build configuration list for PBXNativeTarget "Project MarkovTests" */;
			buildPhases = (
				432DC8A91A4DCABB004035F5 /* Sources */,
				432DC8AA1A4DCABB004035F5 /* Frameworks */,
				432DC8AB1A4DCABB004035F5 /* Resources */,
			);
			buildRules = (
			);
			dependencies = (
				432DC8AF1A4DCABB004035F5 /* PBXTargetDependency */,
			);
			name = "Project MarkovTests";
			productName = "Project MarkovTests";
			productReference = 432DC8AD1A4DCABB004035F5 /* Project MarkovTests.xctest */;
			productType = "com.apple.product-type.bundle.unit-test";
		};
/* End PBXNativeTarget section */

/* Begin PBXProject section */
		432DC88E1A4DCABB004035F5 /* Project object */ = {
			isa = PBXProject;
			attributes = {
				LastUpgradeCheck = 0610;
				ORGANIZATIONNAME = "William Robinson";
				TargetAttributes = {
					432DC8951A4DCABB004035F5 = {
						CreatedOnToolsVersion = 6.1.1;
						DevelopmentTeam = XEN7DUD59Z;
						SystemCapabilities = {
							com.apple.BackgroundModes = {
								enabled = 1;
							};
							com.apple.iCloud = {
								enabled = 1;
							};
						};
					};
					432DC8AC1A4DCABB004035F5 = {
						CreatedOnToolsVersion = 6.1.1;
						TestTargetID = 432DC8951A4DCABB004035F5;
					};
				};
			};
			buildConfigurationList = 432DC8911A4DCABB004035F5 /* Build configuration list for PBXProject "Project Markov" */;
			compatibilityVersion = "Xcode 3.2";
			developmentRegion = English;
			hasScannedForEncodings = 0;
			knownRegions = (
				en,
				Base,
			);
			mainGroup = 432DC88D1A4DCABB004035F5;
			productRefGroup = 432DC8971A4DCABB004035F5 /* Products */;
			projectDirPath = "";
			projectRoot = "";
			targets = (
				432DC8951A4DCABB004035F5 /* Project Markov */,
				432DC8AC1A4DCABB004035F5 /* Project MarkovTests */,
			);
		};
/* End PBXProject section */

/* Begin PBXResourcesBuildPhase section */
		432DC8941A4DCABB004035F5 /* Resources */ = {
			isa = PBXResourcesBuildPhase;
			buildActionMask = 2147483647;
			files = (
				432DC8A31A4DCABB004035F5 /* Main.storyboard in Resources */,
				432DC8A81A4DCABB004035F5 /* LaunchScreen.xib in Resources */,
				432DC8A51A4DCABB004035F5 /* Images.xcassets in Resources */,
			);
			runOnlyForDeploymentPostprocessing = 0;
		};
		432DC8AB1A4DCABB004035F5 /* Resources */ = {
			isa = PBXResourcesBuildPhase;
			buildActionMask = 2147483647;
			files = (
			);
			runOnlyForDeploymentPostprocessing = 0;
		};
/* End PBXResourcesBuildPhase section */

/* Begin PBXSourcesBuildPhase section */
		432DC8921A4DCABB004035F5 /* Sources */ = {
			isa = PBXSourcesBuildPhase;
			buildActionMask = 2147483647;
			files = (
				43CECC8B1A4F24880007B2BE /* MotifDetailTableViewController.swift in Sources */,
				435698A81A4F030000A30547 /* MotifTableViewCell.swift in Sources */,
				432DC8A01A4DCABB004035F5 /* MotifsViewController.swift in Sources */,
				43F131921A56F3210047B03A /* SettingsViewController.swift in Sources */,
				3DC62ECA1A5EDE7C0054418D /* MarkovSettingsViewController.swift in Sources */,
				432DC8C81A4DE1F7004035F5 /* ThemeTableViewCell.swift in Sources */,
				3D52B6F01A7BAF1500037A90 /* ServerModel.swift in Sources */,
				43110AE91A52DD46000E211D /* MarkovCollectionViewCell.swift in Sources */,
				4348B9A31A570F890024746D /* TutorialPageControl.swift in Sources */,
				43AC46671A507C8500628D9A /* MarkovViewController.swift in Sources */,
				432DC8BE1A4DCE92004035F5 /* DataModel.swift in Sources */,
				433BB3841A54182E007A896F /* Variation.swift in Sources */,
				3D52B6F21A7BD04000037A90 /* InfoTableViewCell.swift in Sources */,
				4348B9A51A570FBF0024746D /* TutorialPageViewController.swift in Sources */,
				43110AE71A52DAA1000E211D /* TestCollectionViewController.swift in Sources */,
				432DC8C41A4DD02F004035F5 /* Theme.swift in Sources */,
				43CECC8E1A4F5B4A0007B2BE /* MotifsTableViewController.swift in Sources */,
				433BB3861A541965007A896F /* VariationsTableViewController.swift in Sources */,
				43AC46651A507B5700628D9A /* MarkovGenerator.swift in Sources */,
				433BB3881A541AB5007A896F /* VariationsTableViewCell.swift in Sources */,
				3D0BC9B71A6018A500B4FBD1 /* VariationWord.swift in Sources */,
				43E307B61A6C3BF5001B46C9 /* SentenceLengthViewController.swift in Sources */,
				433BB38A1A54455A007A896F /* ThemesViewController.swift in Sources */,
				432DC8CA1A4DEF72004035F5 /* ThemeDetailTableViewController.swift in Sources */,
				43F131951A56F4850047B03A /* MinMaxSentenceLengthTableViewCell.swift in Sources */,
				432DC89C1A4DCABB004035F5 /* AppDelegate.swift in Sources */,
				432DC8C61A4DD07D004035F5 /* Motif.swift in Sources */,
			);
			runOnlyForDeploymentPostprocessing = 0;
		};
		432DC8A91A4DCABB004035F5 /* Sources */ = {
			isa = PBXSourcesBuildPhase;
			buildActionMask = 2147483647;
			files = (
				432DC8B41A4DCABB004035F5 /* Project_MarkovTests.swift in Sources */,
			);
			runOnlyForDeploymentPostprocessing = 0;
		};
/* End PBXSourcesBuildPhase section */

/* Begin PBXTargetDependency section */
		432DC8AF1A4DCABB004035F5 /* PBXTargetDependency */ = {
			isa = PBXTargetDependency;
			target = 432DC8951A4DCABB004035F5 /* Project Markov */;
			targetProxy = 432DC8AE1A4DCABB004035F5 /* PBXContainerItemProxy */;
		};
/* End PBXTargetDependency section */

/* Begin PBXVariantGroup section */
		432DC8A11A4DCABB004035F5 /* Main.storyboard */ = {
			isa = PBXVariantGroup;
			children = (
				432DC8A21A4DCABB004035F5 /* Base */,
			);
			name = Main.storyboard;
			sourceTree = "<group>";
		};
		432DC8A61A4DCABB004035F5 /* LaunchScreen.xib */ = {
			isa = PBXVariantGroup;
			children = (
				432DC8A71A4DCABB004035F5 /* Base */,
			);
			name = LaunchScreen.xib;
			sourceTree = "<group>";
		};
/* End PBXVariantGroup section */

/* Begin XCBuildConfiguration section */
		432DC8B51A4DCABB004035F5 /* Debug */ = {
			isa = XCBuildConfiguration;
			buildSettings = {
				ALWAYS_SEARCH_USER_PATHS = NO;
				CLANG_CXX_LANGUAGE_STANDARD = "gnu++0x";
				CLANG_CXX_LIBRARY = "libc++";
				CLANG_ENABLE_MODULES = YES;
				CLANG_ENABLE_OBJC_ARC = YES;
				CLANG_WARN_BOOL_CONVERSION = YES;
				CLANG_WARN_CONSTANT_CONVERSION = YES;
				CLANG_WARN_DIRECT_OBJC_ISA_USAGE = YES_ERROR;
				CLANG_WARN_EMPTY_BODY = YES;
				CLANG_WARN_ENUM_CONVERSION = YES;
				CLANG_WARN_INT_CONVERSION = YES;
				CLANG_WARN_OBJC_ROOT_CLASS = YES_ERROR;
				CLANG_WARN_UNREACHABLE_CODE = YES;
				CLANG_WARN__DUPLICATE_METHOD_MATCH = YES;
				"CODE_SIGN_IDENTITY[sdk=iphoneos*]" = "iPhone Developer";
				COPY_PHASE_STRIP = NO;
				ENABLE_STRICT_OBJC_MSGSEND = YES;
				GCC_C_LANGUAGE_STANDARD = gnu99;
				GCC_DYNAMIC_NO_PIC = NO;
				GCC_OPTIMIZATION_LEVEL = 0;
				GCC_PREPROCESSOR_DEFINITIONS = (
					"DEBUG=1",
					"$(inherited)",
				);
				GCC_SYMBOLS_PRIVATE_EXTERN = NO;
				GCC_WARN_64_TO_32_BIT_CONVERSION = YES;
				GCC_WARN_ABOUT_RETURN_TYPE = YES_ERROR;
				GCC_WARN_UNDECLARED_SELECTOR = YES;
				GCC_WARN_UNINITIALIZED_AUTOS = YES_AGGRESSIVE;
				GCC_WARN_UNUSED_FUNCTION = YES;
				GCC_WARN_UNUSED_VARIABLE = YES;
				IPHONEOS_DEPLOYMENT_TARGET = 8.1;
				MTL_ENABLE_DEBUG_INFO = YES;
				ONLY_ACTIVE_ARCH = YES;
				SDKROOT = iphoneos;
				SWIFT_OPTIMIZATION_LEVEL = "-Onone";
				TARGETED_DEVICE_FAMILY = "1,2";
			};
			name = Debug;
		};
		432DC8B61A4DCABB004035F5 /* Release */ = {
			isa = XCBuildConfiguration;
			buildSettings = {
				ALWAYS_SEARCH_USER_PATHS = NO;
				CLANG_CXX_LANGUAGE_STANDARD = "gnu++0x";
				CLANG_CXX_LIBRARY = "libc++";
				CLANG_ENABLE_MODULES = YES;
				CLANG_ENABLE_OBJC_ARC = YES;
				CLANG_WARN_BOOL_CONVERSION = YES;
				CLANG_WARN_CONSTANT_CONVERSION = YES;
				CLANG_WARN_DIRECT_OBJC_ISA_USAGE = YES_ERROR;
				CLANG_WARN_EMPTY_BODY = YES;
				CLANG_WARN_ENUM_CONVERSION = YES;
				CLANG_WARN_INT_CONVERSION = YES;
				CLANG_WARN_OBJC_ROOT_CLASS = YES_ERROR;
				CLANG_WARN_UNREACHABLE_CODE = YES;
				CLANG_WARN__DUPLICATE_METHOD_MATCH = YES;
				"CODE_SIGN_IDENTITY[sdk=iphoneos*]" = "iPhone Developer";
				COPY_PHASE_STRIP = YES;
				ENABLE_NS_ASSERTIONS = NO;
				ENABLE_STRICT_OBJC_MSGSEND = YES;
				GCC_C_LANGUAGE_STANDARD = gnu99;
				GCC_WARN_64_TO_32_BIT_CONVERSION = YES;
				GCC_WARN_ABOUT_RETURN_TYPE = YES_ERROR;
				GCC_WARN_UNDECLARED_SELECTOR = YES;
				GCC_WARN_UNINITIALIZED_AUTOS = YES_AGGRESSIVE;
				GCC_WARN_UNUSED_FUNCTION = YES;
				GCC_WARN_UNUSED_VARIABLE = YES;
				IPHONEOS_DEPLOYMENT_TARGET = 8.1;
				MTL_ENABLE_DEBUG_INFO = NO;
				SDKROOT = iphoneos;
				TARGETED_DEVICE_FAMILY = "1,2";
				VALIDATE_PRODUCT = YES;
			};
			name = Release;
		};
		432DC8B81A4DCABB004035F5 /* Debug */ = {
			isa = XCBuildConfiguration;
			buildSettings = {
				ASSETCATALOG_COMPILER_APPICON_NAME = AppIcon;
				CODE_SIGN_ENTITLEMENTS = "Project Markov/Project Markov.entitlements";
				CODE_SIGN_IDENTITY = "iPhone Developer";
				"CODE_SIGN_IDENTITY[sdk=iphoneos*]" = "iPhone Developer";
				INFOPLIST_FILE = "Project Markov/Info.plist";
				LD_RUNPATH_SEARCH_PATHS = "$(inherited) @executable_path/Frameworks";
				PRODUCT_NAME = "$(TARGET_NAME)";
				PROVISIONING_PROFILE = "";
			};
			name = Debug;
		};
		432DC8B91A4DCABB004035F5 /* Release */ = {
			isa = XCBuildConfiguration;
			buildSettings = {
				ASSETCATALOG_COMPILER_APPICON_NAME = AppIcon;
				CODE_SIGN_ENTITLEMENTS = "Project Markov/Project Markov.entitlements";
				CODE_SIGN_IDENTITY = "iPhone Developer";
				"CODE_SIGN_IDENTITY[sdk=iphoneos*]" = "iPhone Developer";
				INFOPLIST_FILE = "Project Markov/Info.plist";
				LD_RUNPATH_SEARCH_PATHS = "$(inherited) @executable_path/Frameworks";
				PRODUCT_NAME = "$(TARGET_NAME)";
				PROVISIONING_PROFILE = "";
			};
			name = Release;
		};
		432DC8BB1A4DCABB004035F5 /* Debug */ = {
			isa = XCBuildConfiguration;
			buildSettings = {
				BUNDLE_LOADER = "$(TEST_HOST)";
				FRAMEWORK_SEARCH_PATHS = (
					"$(SDKROOT)/Developer/Library/Frameworks",
					"$(inherited)",
				);
				GCC_PREPROCESSOR_DEFINITIONS = (
					"DEBUG=1",
					"$(inherited)",
				);
				INFOPLIST_FILE = "Project MarkovTests/Info.plist";
				LD_RUNPATH_SEARCH_PATHS = "$(inherited) @executable_path/Frameworks @loader_path/Frameworks";
				PRODUCT_NAME = "$(TARGET_NAME)";
				TEST_HOST = "$(BUILT_PRODUCTS_DIR)/Project Markov.app/Project Markov";
			};
			name = Debug;
		};
		432DC8BC1A4DCABB004035F5 /* Release */ = {
			isa = XCBuildConfiguration;
			buildSettings = {
				BUNDLE_LOADER = "$(TEST_HOST)";
				FRAMEWORK_SEARCH_PATHS = (
					"$(SDKROOT)/Developer/Library/Frameworks",
					"$(inherited)",
				);
				INFOPLIST_FILE = "Project MarkovTests/Info.plist";
				LD_RUNPATH_SEARCH_PATHS = "$(inherited) @executable_path/Frameworks @loader_path/Frameworks";
				PRODUCT_NAME = "$(TARGET_NAME)";
				TEST_HOST = "$(BUILT_PRODUCTS_DIR)/Project Markov.app/Project Markov";
			};
			name = Release;
		};
/* End XCBuildConfiguration section */

/* Begin XCConfigurationList section */
		432DC8911A4DCABB004035F5 /* Build configuration list for PBXProject "Project Markov" */ = {
			isa = XCConfigurationList;
			buildConfigurations = (
				432DC8B51A4DCABB004035F5 /* Debug */,
				432DC8B61A4DCABB004035F5 /* Release */,
			);
			defaultConfigurationIsVisible = 0;
			defaultConfigurationName = Release;
		};
		432DC8B71A4DCABB004035F5 /* Build configuration list for PBXNativeTarget "Project Markov" */ = {
			isa = XCConfigurationList;
			buildConfigurations = (
				432DC8B81A4DCABB004035F5 /* Debug */,
				432DC8B91A4DCABB004035F5 /* Release */,
			);
			defaultConfigurationIsVisible = 0;
			defaultConfigurationName = Release;
		};
		432DC8BA1A4DCABB004035F5 /* Build configuration list for PBXNativeTarget "Project MarkovTests" */ = {
			isa = XCConfigurationList;
			buildConfigurations = (
				432DC8BB1A4DCABB004035F5 /* Debug */,
				432DC8BC1A4DCABB004035F5 /* Release */,
			);
			defaultConfigurationIsVisible = 0;
			defaultConfigurationName = Release;
		};
/* End XCConfigurationList section */
	};
	rootObject = 432DC88E1A4DCABB004035F5 /* Project object */;
}
